
Microsoft Visual Studio Solution File, Format Version 12.00
# Visual Studio Version 17
VisualStudioVersion = 17.6.33723.286
MinimumVisualStudioVersion = 10.0.40219.1
Project("{FAE04EC0-301F-11D3-BF4B-00C04F79EFBC}") = "SuoniRepl", "SuoniRepl\SuoniRepl.csproj", "{4E186B79-8F9F-4225-9BA5-689B9310964C}"
EndProject
Global
	GlobalSection(SolutionConfigurationPlatforms) = preSolution
		Debug|Any CPU = Debug|Any CPU
		Release|Any CPU = Release|Any CPU
	EndGlobalSection
	GlobalSection(ProjectConfigurationPlatforms) = postSolution
		{4E186B79-8F9F-4225-9BA5-689B9310964C}.Debug|Any CPU.ActiveCfg = Debug|Any CPU
		{4E186B79-8F9F-4225-9BA5-689B9310964C}.Debug|Any CPU.Build.0 = Debug|Any CPU
		{4E186B79-8F9F-4225-9BA5-689B9310964C}.Release|Any CPU.ActiveCfg = Release|Any CPU
		{4E186B79-8F9F-4225-9BA5-689B9310964C}.Release|Any CPU.Build.0 = Release|Any CPU
	EndGlobalSection
	GlobalSection(SolutionProperties) = preSolution
		HideSolutionNode = FALSE
	EndGlobalSection
	GlobalSection(ExtensibilityGlobals) = postSolution
		SolutionGuid = {240DBFD2-04C4-4FDB-BE86-D4737575F122}
	EndGlobalSection
EndGlobal
